
Microsoft Visual Studio Solution File, Format Version 12.00
# Visual Studio 2013
VisualStudioVersion = 12.0.30723.0
MinimumVisualStudioVersion = 10.0.40219.1
Project("{FAE04EC0-301F-11D3-BF4B-00C04F79EFBC}") = "SocketIoClientDotNet.portable-win81+wpa81", "SocketIoClientDotNet.portable-win81+wpa81.csproj", "{E092F6FA-7477-484F-92FB-CC4D586AF1B9}"
EndProject
Project("{FAE04EC0-301F-11D3-BF4B-00C04F79EFBC}") = "SocketIoClientDotNet.Tests.portable-wpa81+wp81.UnitTest", "..\SocketIoClientDotNet.Tests.portable-wpa81+wp81.UnitTest\SocketIoClientDotNet.Tests.portable-wpa81+wp81.UnitTest.csproj", "{B1598787-7C72-4BCD-A0D5-39DD90AC5F42}"
EndProject
Global
	GlobalSection(SolutionConfigurationPlatforms) = preSolution
		Debug|Any CPU = Debug|Any CPU
		Debug|ARM = Debug|ARM
		Debug|Mixed Platforms = Debug|Mixed Platforms
		Debug|x64 = Debug|x64
		Debug|x86 = Debug|x86
		Release|Any CPU = Release|Any CPU
		Release|ARM = Release|ARM
		Release|Mixed Platforms = Release|Mixed Platforms
		Release|x64 = Release|x64
		Release|x86 = Release|x86
	EndGlobalSection
	GlobalSection(ProjectConfigurationPlatforms) = postSolution
		{E092F6FA-7477-484F-92FB-CC4D586AF1B9}.Debug|Any CPU.ActiveCfg = Debug|Any CPU
		{E092F6FA-7477-484F-92FB-CC4D586AF1B9}.Debug|Any CPU.Build.0 = Debug|Any CPU
		{E092F6FA-7477-484F-92FB-CC4D586AF1B9}.Debug|ARM.ActiveCfg = Debug|ARM
		{E092F6FA-7477-484F-92FB-CC4D586AF1B9}.Debug|ARM.Build.0 = Debug|ARM
		{E092F6FA-7477-484F-92FB-CC4D586AF1B9}.Debug|Mixed Platforms.ActiveCfg = Debug|Any CPU
		{E092F6FA-7477-484F-92FB-CC4D586AF1B9}.Debug|Mixed Platforms.Build.0 = Debug|Any CPU
		{E092F6FA-7477-484F-92FB-CC4D586AF1B9}.Debug|x64.ActiveCfg = Debug|x64
		{E092F6FA-7477-484F-92FB-CC4D586AF1B9}.Debug|x64.Build.0 = Debug|x64
		{E092F6FA-7477-484F-92FB-CC4D586AF1B9}.Debug|x86.ActiveCfg = Debug|x86
		{E092F6FA-7477-484F-92FB-CC4D586AF1B9}.Debug|x86.Build.0 = Debug|x86
		{E092F6FA-7477-484F-92FB-CC4D586AF1B9}.Release|Any CPU.ActiveCfg = Release|Any CPU
		{E092F6FA-7477-484F-92FB-CC4D586AF1B9}.Release|Any CPU.Build.0 = Release|Any CPU
		{E092F6FA-7477-484F-92FB-CC4D586AF1B9}.Release|ARM.ActiveCfg = Release|ARM
		{E092F6FA-7477-484F-92FB-CC4D586AF1B9}.Release|ARM.Build.0 = Release|ARM
		{E092F6FA-7477-484F-92FB-CC4D586AF1B9}.Release|Mixed Platforms.ActiveCfg = Release|Any CPU
		{E092F6FA-7477-484F-92FB-CC4D586AF1B9}.Release|Mixed Platforms.Build.0 = Release|Any CPU
		{E092F6FA-7477-484F-92FB-CC4D586AF1B9}.Release|x64.ActiveCfg = Release|x64
		{E092F6FA-7477-484F-92FB-CC4D586AF1B9}.Release|x64.Build.0 = Release|x64
		{E092F6FA-7477-484F-92FB-CC4D586AF1B9}.Release|x86.ActiveCfg = Release|x86
		{E092F6FA-7477-484F-92FB-CC4D586AF1B9}.Release|x86.Build.0 = Release|x86
		{B1598787-7C72-4BCD-A0D5-39DD90AC5F42}.Debug|Any CPU.ActiveCfg = Debug|x86
		{B1598787-7C72-4BCD-A0D5-39DD90AC5F42}.Debug|ARM.ActiveCfg = Debug|ARM
		{B1598787-7C72-4BCD-A0D5-39DD90AC5F42}.Debug|ARM.Build.0 = Debug|ARM
		{B1598787-7C72-4BCD-A0D5-39DD90AC5F42}.Debug|ARM.Deploy.0 = Debug|ARM
		{B1598787-7C72-4BCD-A0D5-39DD90AC5F42}.Debug|Mixed Platforms.ActiveCfg = Debug|x86
		{B1598787-7C72-4BCD-A0D5-39DD90AC5F42}.Debug|Mixed Platforms.Build.0 = Debug|x86
		{B1598787-7C72-4BCD-A0D5-39DD90AC5F42}.Debug|Mixed Platforms.Deploy.0 = Debug|x86
		{B1598787-7C72-4BCD-A0D5-39DD90AC5F42}.Debug|x64.ActiveCfg = Debug|x86
		{B1598787-7C72-4BCD-A0D5-39DD90AC5F42}.Debug|x86.ActiveCfg = Debug|x86
		{B1598787-7C72-4BCD-A0D5-39DD90AC5F42}.Debug|x86.Build.0 = Debug|x86
		{B1598787-7C72-4BCD-A0D5-39DD90AC5F42}.Debug|x86.Deploy.0 = Debug|x86
		{B1598787-7C72-4BCD-A0D5-39DD90AC5F42}.Release|Any CPU.ActiveCfg = Release|x86
		{B1598787-7C72-4BCD-A0D5-39DD90AC5F42}.Release|ARM.ActiveCfg = Release|ARM
		{B1598787-7C72-4BCD-A0D5-39DD90AC5F42}.Release|ARM.Build.0 = Release|ARM
		{B1598787-7C72-4BCD-A0D5-39DD90AC5F42}.Release|ARM.Deploy.0 = Release|ARM
		{B1598787-7C72-4BCD-A0D5-39DD90AC5F42}.Release|Mixed Platforms.ActiveCfg = Release|x86
		{B1598787-7C72-4BCD-A0D5-39DD90AC5F42}.Release|Mixed Platforms.Build.0 = Release|x86
		{B1598787-7C72-4BCD-A0D5-39DD90AC5F42}.Release|Mixed Platforms.Deploy.0 = Release|x86
		{B1598787-7C72-4BCD-A0D5-39DD90AC5F42}.Release|x64.ActiveCfg = Release|x86
		{B1598787-7C72-4BCD-A0D5-39DD90AC5F42}.Release|x86.ActiveCfg = Release|x86
		{B1598787-7C72-4BCD-A0D5-39DD90AC5F42}.Release|x86.Build.0 = Release|x86
		{B1598787-7C72-4BCD-A0D5-39DD90AC5F42}.Release|x86.Deploy.0 = Release|x86
	EndGlobalSection
	GlobalSection(SolutionProperties) = preSolution
		HideSolutionNode = FALSE
	EndGlobalSection
EndGlobal
