
Microsoft Visual Studio Solution File, Format Version 12.00
# Visual Studio 14
VisualStudioVersion = 14.0.23107.0
MinimumVisualStudioVersion = 10.0.40219.1
Project("{FAE04EC0-301F-11D3-BF4B-00C04F79EFBC}") = "SocketIoClientDotNet.windowsphone8", "SocketIoClientDotNet.windowsphone8.csproj", "{E77BDDB4-13A0-43B4-A99D-09FA80A2B3A8}"
EndProject
Project("{FAE04EC0-301F-11D3-BF4B-00C04F79EFBC}") = "SocketIoClientDotNet.Tests.windowsphone8.TestApp", "..\SocketIoClientDotNet.Tests.windowsphone8.TestApp\SocketIoClientDotNet.Tests.windowsphone8.TestApp.csproj", "{46696C05-F40D-4EEE-9E55-77AD573A685A}"
EndProject
Project("{E24C65DC-7377-472B-9ABA-BC803B73C61A}") = "grunt", "..\..\grunt\", "{78CADA8C-D36D-4887-8E24-665058A9D81A}"
	ProjectSection(WebsiteProperties) = preProject
		TargetFrameworkMoniker = ".NETFramework,Version%3Dv4.0"
		Debug.AspNetCompiler.VirtualPath = "/grunt"
		Debug.AspNetCompiler.PhysicalPath = "..\..\grunt\"
		Debug.AspNetCompiler.TargetPath = "PrecompiledWeb\grunt\"
		Debug.AspNetCompiler.Updateable = "true"
		Debug.AspNetCompiler.ForceOverwrite = "true"
		Debug.AspNetCompiler.FixedNames = "false"
		Debug.AspNetCompiler.Debug = "True"
		Release.AspNetCompiler.VirtualPath = "/grunt"
		Release.AspNetCompiler.PhysicalPath = "..\..\grunt\"
		Release.AspNetCompiler.TargetPath = "PrecompiledWeb\grunt\"
		Release.AspNetCompiler.Updateable = "true"
		Release.AspNetCompiler.ForceOverwrite = "true"
		Release.AspNetCompiler.FixedNames = "false"
		Release.AspNetCompiler.Debug = "False"
		VWDPort = "30356"
		SlnRelativePath = "..\..\grunt\"
	EndProjectSection
EndProject
Global
	GlobalSection(SolutionConfigurationPlatforms) = preSolution
		Debug|Any CPU = Debug|Any CPU
		Debug|ARM = Debug|ARM
		Debug|Mixed Platforms = Debug|Mixed Platforms
		Debug|x86 = Debug|x86
		Release|Any CPU = Release|Any CPU
		Release|ARM = Release|ARM
		Release|Mixed Platforms = Release|Mixed Platforms
		Release|x86 = Release|x86
	EndGlobalSection
	GlobalSection(ProjectConfigurationPlatforms) = postSolution
		{E77BDDB4-13A0-43B4-A99D-09FA80A2B3A8}.Debug|Any CPU.ActiveCfg = Debug|Any CPU
		{E77BDDB4-13A0-43B4-A99D-09FA80A2B3A8}.Debug|Any CPU.Build.0 = Debug|Any CPU
		{E77BDDB4-13A0-43B4-A99D-09FA80A2B3A8}.Debug|ARM.ActiveCfg = Debug|ARM
		{E77BDDB4-13A0-43B4-A99D-09FA80A2B3A8}.Debug|ARM.Build.0 = Debug|ARM
		{E77BDDB4-13A0-43B4-A99D-09FA80A2B3A8}.Debug|Mixed Platforms.ActiveCfg = Debug|x86
		{E77BDDB4-13A0-43B4-A99D-09FA80A2B3A8}.Debug|Mixed Platforms.Build.0 = Debug|x86
		{E77BDDB4-13A0-43B4-A99D-09FA80A2B3A8}.Debug|x86.ActiveCfg = Debug|x86
		{E77BDDB4-13A0-43B4-A99D-09FA80A2B3A8}.Debug|x86.Build.0 = Debug|x86
		{E77BDDB4-13A0-43B4-A99D-09FA80A2B3A8}.Release|Any CPU.ActiveCfg = Release|Any CPU
		{E77BDDB4-13A0-43B4-A99D-09FA80A2B3A8}.Release|Any CPU.Build.0 = Release|Any CPU
		{E77BDDB4-13A0-43B4-A99D-09FA80A2B3A8}.Release|ARM.ActiveCfg = Release|ARM
		{E77BDDB4-13A0-43B4-A99D-09FA80A2B3A8}.Release|ARM.Build.0 = Release|ARM
		{E77BDDB4-13A0-43B4-A99D-09FA80A2B3A8}.Release|Mixed Platforms.ActiveCfg = Release|x86
		{E77BDDB4-13A0-43B4-A99D-09FA80A2B3A8}.Release|Mixed Platforms.Build.0 = Release|x86
		{E77BDDB4-13A0-43B4-A99D-09FA80A2B3A8}.Release|x86.ActiveCfg = Release|x86
		{E77BDDB4-13A0-43B4-A99D-09FA80A2B3A8}.Release|x86.Build.0 = Release|x86
		{46696C05-F40D-4EEE-9E55-77AD573A685A}.Debug|Any CPU.ActiveCfg = Debug|x86
		{46696C05-F40D-4EEE-9E55-77AD573A685A}.Debug|ARM.ActiveCfg = Debug|ARM
		{46696C05-F40D-4EEE-9E55-77AD573A685A}.Debug|ARM.Build.0 = Debug|ARM
		{46696C05-F40D-4EEE-9E55-77AD573A685A}.Debug|ARM.Deploy.0 = Debug|ARM
		{46696C05-F40D-4EEE-9E55-77AD573A685A}.Debug|Mixed Platforms.ActiveCfg = Debug|x86
		{46696C05-F40D-4EEE-9E55-77AD573A685A}.Debug|Mixed Platforms.Build.0 = Debug|x86
		{46696C05-F40D-4EEE-9E55-77AD573A685A}.Debug|Mixed Platforms.Deploy.0 = Debug|x86
		{46696C05-F40D-4EEE-9E55-77AD573A685A}.Debug|x86.ActiveCfg = Debug|x86
		{46696C05-F40D-4EEE-9E55-77AD573A685A}.Debug|x86.Build.0 = Debug|x86
		{46696C05-F40D-4EEE-9E55-77AD573A685A}.Debug|x86.Deploy.0 = Debug|x86
		{46696C05-F40D-4EEE-9E55-77AD573A685A}.Release|Any CPU.ActiveCfg = Release|x86
		{46696C05-F40D-4EEE-9E55-77AD573A685A}.Release|ARM.ActiveCfg = Release|ARM
		{46696C05-F40D-4EEE-9E55-77AD573A685A}.Release|ARM.Build.0 = Release|ARM
		{46696C05-F40D-4EEE-9E55-77AD573A685A}.Release|ARM.Deploy.0 = Release|ARM
		{46696C05-F40D-4EEE-9E55-77AD573A685A}.Release|Mixed Platforms.ActiveCfg = Release|x86
		{46696C05-F40D-4EEE-9E55-77AD573A685A}.Release|Mixed Platforms.Build.0 = Release|x86
		{46696C05-F40D-4EEE-9E55-77AD573A685A}.Release|Mixed Platforms.Deploy.0 = Release|x86
		{46696C05-F40D-4EEE-9E55-77AD573A685A}.Release|x86.ActiveCfg = Release|x86
		{46696C05-F40D-4EEE-9E55-77AD573A685A}.Release|x86.Build.0 = Release|x86
		{46696C05-F40D-4EEE-9E55-77AD573A685A}.Release|x86.Deploy.0 = Release|x86
		{78CADA8C-D36D-4887-8E24-665058A9D81A}.Debug|Any CPU.ActiveCfg = Debug|Any CPU
		{78CADA8C-D36D-4887-8E24-665058A9D81A}.Debug|Any CPU.Build.0 = Debug|Any CPU
		{78CADA8C-D36D-4887-8E24-665058A9D81A}.Debug|ARM.ActiveCfg = Debug|Any CPU
		{78CADA8C-D36D-4887-8E24-665058A9D81A}.Debug|Mixed Platforms.ActiveCfg = Debug|Any CPU
		{78CADA8C-D36D-4887-8E24-665058A9D81A}.Debug|Mixed Platforms.Build.0 = Debug|Any CPU
		{78CADA8C-D36D-4887-8E24-665058A9D81A}.Debug|x86.ActiveCfg = Debug|Any CPU
		{78CADA8C-D36D-4887-8E24-665058A9D81A}.Release|Any CPU.ActiveCfg = Debug|Any CPU
		{78CADA8C-D36D-4887-8E24-665058A9D81A}.Release|Any CPU.Build.0 = Debug|Any CPU
		{78CADA8C-D36D-4887-8E24-665058A9D81A}.Release|ARM.ActiveCfg = Debug|Any CPU
		{78CADA8C-D36D-4887-8E24-665058A9D81A}.Release|Mixed Platforms.ActiveCfg = Debug|Any CPU
		{78CADA8C-D36D-4887-8E24-665058A9D81A}.Release|Mixed Platforms.Build.0 = Debug|Any CPU
		{78CADA8C-D36D-4887-8E24-665058A9D81A}.Release|x86.ActiveCfg = Debug|Any CPU
	EndGlobalSection
	GlobalSection(SolutionProperties) = preSolution
		HideSolutionNode = FALSE
	EndGlobalSection
EndGlobal
