
Microsoft Visual Studio Solution File, Format Version 12.00
# Visual Studio 2012
Project("{FAE04EC0-301F-11D3-BF4B-00C04F79EFBC}") = "SocketIoClientDotNet.Xamarin-iOS", "SocketIoClientDotNet.Xamarin-iOS\SocketIoClientDotNet.Xamarin-iOS.csproj", "{D3006848-28FD-40BA-AE0E-5D6FF4D2FBDB}"
EndProject
Project("{FAE04EC0-301F-11D3-BF4B-00C04F79EFBC}") = "Quobject.SocketIoClientDotNet_Tests", "..\SocketIoClientDotNet.Tests.Xamarin-iOS.TestApp\Quobject.SocketIoClientDotNet_Tests.csproj", "{0B25CB88-CEBB-49FA-9334-DE6DC271249A}"
EndProject
Global
	GlobalSection(SolutionConfigurationPlatforms) = preSolution
		Debug|Any CPU = Debug|Any CPU
		Release|Any CPU = Release|Any CPU
		Debug|iPhoneSimulator = Debug|iPhoneSimulator
		Release|iPhone = Release|iPhone
		Release|iPhoneSimulator = Release|iPhoneSimulator
		Debug|iPhone = Debug|iPhone
	EndGlobalSection
	GlobalSection(ProjectConfigurationPlatforms) = postSolution
		{0B25CB88-CEBB-49FA-9334-DE6DC271249A}.Debug|Any CPU.ActiveCfg = Debug|iPhoneSimulator
		{0B25CB88-CEBB-49FA-9334-DE6DC271249A}.Debug|Any CPU.Build.0 = Debug|iPhoneSimulator
		{0B25CB88-CEBB-49FA-9334-DE6DC271249A}.Debug|iPhone.ActiveCfg = Debug|iPhone
		{0B25CB88-CEBB-49FA-9334-DE6DC271249A}.Debug|iPhone.Build.0 = Debug|iPhone
		{0B25CB88-CEBB-49FA-9334-DE6DC271249A}.Debug|iPhoneSimulator.ActiveCfg = Debug|iPhoneSimulator
		{0B25CB88-CEBB-49FA-9334-DE6DC271249A}.Debug|iPhoneSimulator.Build.0 = Debug|iPhoneSimulator
		{0B25CB88-CEBB-49FA-9334-DE6DC271249A}.Release|Any CPU.ActiveCfg = Release|iPhone
		{0B25CB88-CEBB-49FA-9334-DE6DC271249A}.Release|Any CPU.Build.0 = Release|iPhone
		{0B25CB88-CEBB-49FA-9334-DE6DC271249A}.Release|iPhone.ActiveCfg = Release|iPhone
		{0B25CB88-CEBB-49FA-9334-DE6DC271249A}.Release|iPhone.Build.0 = Release|iPhone
		{0B25CB88-CEBB-49FA-9334-DE6DC271249A}.Release|iPhoneSimulator.ActiveCfg = Release|iPhoneSimulator
		{0B25CB88-CEBB-49FA-9334-DE6DC271249A}.Release|iPhoneSimulator.Build.0 = Release|iPhoneSimulator
		{D3006848-28FD-40BA-AE0E-5D6FF4D2FBDB}.Debug|Any CPU.ActiveCfg = Debug|Any CPU
		{D3006848-28FD-40BA-AE0E-5D6FF4D2FBDB}.Debug|Any CPU.Build.0 = Debug|Any CPU
		{D3006848-28FD-40BA-AE0E-5D6FF4D2FBDB}.Debug|iPhone.ActiveCfg = Debug|Any CPU
		{D3006848-28FD-40BA-AE0E-5D6FF4D2FBDB}.Debug|iPhone.Build.0 = Debug|Any CPU
		{D3006848-28FD-40BA-AE0E-5D6FF4D2FBDB}.Debug|iPhoneSimulator.ActiveCfg = Debug|Any CPU
		{D3006848-28FD-40BA-AE0E-5D6FF4D2FBDB}.Debug|iPhoneSimulator.Build.0 = Debug|Any CPU
		{D3006848-28FD-40BA-AE0E-5D6FF4D2FBDB}.Release|Any CPU.ActiveCfg = Release|Any CPU
		{D3006848-28FD-40BA-AE0E-5D6FF4D2FBDB}.Release|Any CPU.Build.0 = Release|Any CPU
		{D3006848-28FD-40BA-AE0E-5D6FF4D2FBDB}.Release|iPhone.ActiveCfg = Release|Any CPU
		{D3006848-28FD-40BA-AE0E-5D6FF4D2FBDB}.Release|iPhone.Build.0 = Release|Any CPU
		{D3006848-28FD-40BA-AE0E-5D6FF4D2FBDB}.Release|iPhoneSimulator.ActiveCfg = Release|Any CPU
		{D3006848-28FD-40BA-AE0E-5D6FF4D2FBDB}.Release|iPhoneSimulator.Build.0 = Release|Any CPU
	EndGlobalSection
EndGlobal
