
Microsoft Visual Studio Solution File, Format Version 12.00
# Visual Studio 2012
Project("{FAE04EC0-301F-11D3-BF4B-00C04F79EFBC}") = "SocketIoClientDotNet.Xamarin-iOS", "SocketIoClientDotNet.Xamarin-iOS\SocketIoClientDotNet.Xamarin-iOS.csproj", "{D3006848-28FD-40BA-AE0E-5D6FF4D2FBDB}"
EndProject
Global
	GlobalSection(SolutionConfigurationPlatforms) = preSolution
		Debug|Any CPU = Debug|Any CPU
		Release|Any CPU = Release|Any CPU
	EndGlobalSection
	GlobalSection(ProjectConfigurationPlatforms) = postSolution
		{D3006848-28FD-40BA-AE0E-5D6FF4D2FBDB}.Debug|Any CPU.ActiveCfg = Debug|Any CPU
		{D3006848-28FD-40BA-AE0E-5D6FF4D2FBDB}.Debug|Any CPU.Build.0 = Debug|Any CPU
		{D3006848-28FD-40BA-AE0E-5D6FF4D2FBDB}.Release|Any CPU.ActiveCfg = Release|Any CPU
		{D3006848-28FD-40BA-AE0E-5D6FF4D2FBDB}.Release|Any CPU.Build.0 = Release|Any CPU
	EndGlobalSection
EndGlobal
