
Microsoft Visual Studio Solution File, Format Version 12.00
# Visual Studio 15
VisualStudioVersion = 15.0.26430.16
MinimumVisualStudioVersion = 10.0.40219.1
Project("{FAE04EC0-301F-11D3-BF4B-00C04F79EFBC}") = "SocketIoClientDotNet.netstandard1.3", "SocketIoClientDotNet.netstandard1.3.csproj", "{C8597B7D-FB47-4E8C-B6CC-F6A1A7EB4A66}"
EndProject
Project("{FAE04EC0-301F-11D3-BF4B-00C04F79EFBC}") = "SocketIoClientDotNet.Tests.netstandard1.3", "..\SocketIoClientDotNet.Tests.netstandard1.3\SocketIoClientDotNet.Tests.netstandard1.3.csproj", "{8C547F34-1594-4185-85CC-2FAB00867912}"
EndProject
Global
	GlobalSection(SolutionConfigurationPlatforms) = preSolution
		Debug|Any CPU = Debug|Any CPU
		Release|Any CPU = Release|Any CPU
	EndGlobalSection
	GlobalSection(ProjectConfigurationPlatforms) = postSolution
		{C8597B7D-FB47-4E8C-B6CC-F6A1A7EB4A66}.Debug|Any CPU.ActiveCfg = Debug|Any CPU
		{C8597B7D-FB47-4E8C-B6CC-F6A1A7EB4A66}.Debug|Any CPU.Build.0 = Debug|Any CPU
		{C8597B7D-FB47-4E8C-B6CC-F6A1A7EB4A66}.Release|Any CPU.ActiveCfg = Release|Any CPU
		{C8597B7D-FB47-4E8C-B6CC-F6A1A7EB4A66}.Release|Any CPU.Build.0 = Release|Any CPU
		{8C547F34-1594-4185-85CC-2FAB00867912}.Debug|Any CPU.ActiveCfg = Debug|Any CPU
		{8C547F34-1594-4185-85CC-2FAB00867912}.Debug|Any CPU.Build.0 = Debug|Any CPU
		{8C547F34-1594-4185-85CC-2FAB00867912}.Release|Any CPU.ActiveCfg = Release|Any CPU
		{8C547F34-1594-4185-85CC-2FAB00867912}.Release|Any CPU.Build.0 = Release|Any CPU
	EndGlobalSection
	GlobalSection(SolutionProperties) = preSolution
		HideSolutionNode = FALSE
	EndGlobalSection
EndGlobal
