
Microsoft Visual Studio Solution File, Format Version 12.00
# Visual Studio 14
VisualStudioVersion = 14.0.22823.1
MinimumVisualStudioVersion = 10.0.40219.1
Project("{FAE04EC0-301F-11D3-BF4B-00C04F79EFBC}") = "SocketIoClientDotNet.Sample.Xamarin-Android", "SocketIoClientDotNet.Sample.Xamarin-Android.csproj", "{36D60567-46D3-4919-BCD2-BCC31B9E79F1}"
EndProject
Project("{FAE04EC0-301F-11D3-BF4B-00C04F79EFBC}") = "SocketIoClientDotNet.Xamarin-Android", "..\SocketIoClientDotNet.Xamarin-Android\SocketIoClientDotNet.Xamarin-Android.csproj", "{3571B0FE-E760-4BCD-B853-0FEBFBE945A4}"
EndProject
Global
	GlobalSection(SolutionConfigurationPlatforms) = preSolution
		Debug|Any CPU = Debug|Any CPU
		Release|Any CPU = Release|Any CPU
	EndGlobalSection
	GlobalSection(ProjectConfigurationPlatforms) = postSolution
		{36D60567-46D3-4919-BCD2-BCC31B9E79F1}.Debug|Any CPU.ActiveCfg = Debug|Any CPU
		{36D60567-46D3-4919-BCD2-BCC31B9E79F1}.Debug|Any CPU.Build.0 = Debug|Any CPU
		{36D60567-46D3-4919-BCD2-BCC31B9E79F1}.Debug|Any CPU.Deploy.0 = Debug|Any CPU
		{36D60567-46D3-4919-BCD2-BCC31B9E79F1}.Release|Any CPU.ActiveCfg = Release|Any CPU
		{36D60567-46D3-4919-BCD2-BCC31B9E79F1}.Release|Any CPU.Build.0 = Release|Any CPU
		{36D60567-46D3-4919-BCD2-BCC31B9E79F1}.Release|Any CPU.Deploy.0 = Release|Any CPU
		{3571B0FE-E760-4BCD-B853-0FEBFBE945A4}.Debug|Any CPU.ActiveCfg = Release|Any CPU
		{3571B0FE-E760-4BCD-B853-0FEBFBE945A4}.Debug|Any CPU.Build.0 = Release|Any CPU
		{3571B0FE-E760-4BCD-B853-0FEBFBE945A4}.Release|Any CPU.ActiveCfg = Release|Any CPU
		{3571B0FE-E760-4BCD-B853-0FEBFBE945A4}.Release|Any CPU.Build.0 = Release|Any CPU
	EndGlobalSection
	GlobalSection(SolutionProperties) = preSolution
		HideSolutionNode = FALSE
	EndGlobalSection
EndGlobal
