
Microsoft Visual Studio Solution File, Format Version 12.00
# Visual Studio 15
VisualStudioVersion = 15.0.27130.2003
MinimumVisualStudioVersion = 10.0.40219.1
Project("{FAE04EC0-301F-11D3-BF4B-00C04F79EFBC}") = "SocketIoClientDotNet.net35", "SocketIoClientDotNet.net35.csproj", "{E3D3A67D-9A1E-4915-8A2D-1C0E4447F5E0}"
EndProject
Project("{FAE04EC0-301F-11D3-BF4B-00C04F79EFBC}") = "SocketIoClientDotNet.Tests.net35", "..\SocketIoClientDotNet.Tests.net35\SocketIoClientDotNet.Tests.net35.csproj", "{6D90EB17-A71E-4A5F-8BF1-1F7991AEB976}"
EndProject
Project("{E24C65DC-7377-472B-9ABA-BC803B73C61A}") = "SocketIoClientDotNet", "..\..\", "{E62008C8-688A-49D1-90A7-D9BCFB0CC4C2}"
	ProjectSection(WebsiteProperties) = preProject
		TargetFrameworkMoniker = ".NETFramework,Version%3Dv4.0"
		Debug.AspNetCompiler.VirtualPath = "/localhost_9968"
		Debug.AspNetCompiler.PhysicalPath = "..\..\..\SocketIoClientDotNet\"
		Debug.AspNetCompiler.TargetPath = "PrecompiledWeb\localhost_9968\"
		Debug.AspNetCompiler.Updateable = "true"
		Debug.AspNetCompiler.ForceOverwrite = "true"
		Debug.AspNetCompiler.FixedNames = "false"
		Debug.AspNetCompiler.Debug = "True"
		Release.AspNetCompiler.VirtualPath = "/localhost_9968"
		Release.AspNetCompiler.PhysicalPath = "..\..\..\SocketIoClientDotNet\"
		Release.AspNetCompiler.TargetPath = "PrecompiledWeb\localhost_9968\"
		Release.AspNetCompiler.Updateable = "true"
		Release.AspNetCompiler.ForceOverwrite = "true"
		Release.AspNetCompiler.FixedNames = "false"
		Release.AspNetCompiler.Debug = "False"
		VWDPort = "9968"
		SlnRelativePath = "..\..\..\SocketIoClientDotNet\"
	EndProjectSection
EndProject
Global
	GlobalSection(SolutionConfigurationPlatforms) = preSolution
		Debug|Any CPU = Debug|Any CPU
		Release|Any CPU = Release|Any CPU
	EndGlobalSection
	GlobalSection(ProjectConfigurationPlatforms) = postSolution
		{E3D3A67D-9A1E-4915-8A2D-1C0E4447F5E0}.Debug|Any CPU.ActiveCfg = Debug|Any CPU
		{E3D3A67D-9A1E-4915-8A2D-1C0E4447F5E0}.Debug|Any CPU.Build.0 = Debug|Any CPU
		{E3D3A67D-9A1E-4915-8A2D-1C0E4447F5E0}.Release|Any CPU.ActiveCfg = Release|Any CPU
		{E3D3A67D-9A1E-4915-8A2D-1C0E4447F5E0}.Release|Any CPU.Build.0 = Release|Any CPU
		{6D90EB17-A71E-4A5F-8BF1-1F7991AEB976}.Debug|Any CPU.ActiveCfg = Debug|Any CPU
		{6D90EB17-A71E-4A5F-8BF1-1F7991AEB976}.Debug|Any CPU.Build.0 = Debug|Any CPU
		{6D90EB17-A71E-4A5F-8BF1-1F7991AEB976}.Release|Any CPU.ActiveCfg = Release|Any CPU
		{6D90EB17-A71E-4A5F-8BF1-1F7991AEB976}.Release|Any CPU.Build.0 = Release|Any CPU
		{E62008C8-688A-49D1-90A7-D9BCFB0CC4C2}.Debug|Any CPU.ActiveCfg = Debug|Any CPU
		{E62008C8-688A-49D1-90A7-D9BCFB0CC4C2}.Debug|Any CPU.Build.0 = Debug|Any CPU
		{E62008C8-688A-49D1-90A7-D9BCFB0CC4C2}.Release|Any CPU.ActiveCfg = Debug|Any CPU
		{E62008C8-688A-49D1-90A7-D9BCFB0CC4C2}.Release|Any CPU.Build.0 = Debug|Any CPU
	EndGlobalSection
	GlobalSection(SolutionProperties) = preSolution
		HideSolutionNode = FALSE
	EndGlobalSection
	GlobalSection(ExtensibilityGlobals) = postSolution
		SolutionGuid = {CE07E1B6-6E4A-4C2C-93C6-CD9F47041A80}
	EndGlobalSection
EndGlobal
